
Microsoft Visual Studio Solution File, Format Version 12.00
# Visual Studio Version 16
VisualStudioVersion = 16.0.29230.47
MinimumVisualStudioVersion = 10.0.40219.1
Project("{FAE04EC0-301F-11D3-BF4B-00C04F79EFBC}") = "Ejercicio8", "Ejercicio8\Ejercicio8.csproj", "{DD79888C-580C-4CE1-B832-51218CEE4811}"
EndProject
Global
	GlobalSection(SolutionConfigurationPlatforms) = preSolution
		Debug|Any CPU = Debug|Any CPU
		Release|Any CPU = Release|Any CPU
	EndGlobalSection
	GlobalSection(ProjectConfigurationPlatforms) = postSolution
		{DD79888C-580C-4CE1-B832-51218CEE4811}.Debug|Any CPU.ActiveCfg = Debug|Any CPU
		{DD79888C-580C-4CE1-B832-51218CEE4811}.Debug|Any CPU.Build.0 = Debug|Any CPU
		{DD79888C-580C-4CE1-B832-51218CEE4811}.Release|Any CPU.ActiveCfg = Release|Any CPU
		{DD79888C-580C-4CE1-B832-51218CEE4811}.Release|Any CPU.Build.0 = Release|Any CPU
	EndGlobalSection
	GlobalSection(SolutionProperties) = preSolution
		HideSolutionNode = FALSE
	EndGlobalSection
	GlobalSection(ExtensibilityGlobals) = postSolution
		SolutionGuid = {64981BBD-C582-4056-A69B-5427403AE7F7}
	EndGlobalSection
EndGlobal
