
Microsoft Visual Studio Solution File, Format Version 12.00
# Visual Studio Version 16
VisualStudioVersion = 16.0.29230.47
MinimumVisualStudioVersion = 10.0.40219.1
Project("{FAE04EC0-301F-11D3-BF4B-00C04F79EFBC}") = "Ejercicio3", "Ejercicio3\Ejercicio3.csproj", "{0775C2DF-4A98-4692-8CD4-1CA83E4E9846}"
EndProject
Global
	GlobalSection(SolutionConfigurationPlatforms) = preSolution
		Debug|Any CPU = Debug|Any CPU
		Release|Any CPU = Release|Any CPU
	EndGlobalSection
	GlobalSection(ProjectConfigurationPlatforms) = postSolution
		{0775C2DF-4A98-4692-8CD4-1CA83E4E9846}.Debug|Any CPU.ActiveCfg = Debug|Any CPU
		{0775C2DF-4A98-4692-8CD4-1CA83E4E9846}.Debug|Any CPU.Build.0 = Debug|Any CPU
		{0775C2DF-4A98-4692-8CD4-1CA83E4E9846}.Release|Any CPU.ActiveCfg = Release|Any CPU
		{0775C2DF-4A98-4692-8CD4-1CA83E4E9846}.Release|Any CPU.Build.0 = Release|Any CPU
	EndGlobalSection
	GlobalSection(SolutionProperties) = preSolution
		HideSolutionNode = FALSE
	EndGlobalSection
	GlobalSection(ExtensibilityGlobals) = postSolution
		SolutionGuid = {8BBDD031-B9AE-4096-B3D2-49AC58D6B587}
	EndGlobalSection
EndGlobal
